
Microsoft Visual Studio Solution File, Format Version 12.00
# Visual Studio 15
VisualStudioVersion = 15.0.28010.2003
MinimumVisualStudioVersion = 10.0.40219.1
Project("{FAE04EC0-301F-11D3-BF4B-00C04F79EFBC}") = "TelegramBotService", "TelegramBotService\TelegramBotService.csproj", "{EE73749D-B81D-402B-9108-CBCA5D4E9242}"
EndProject
Project("{FAE04EC0-301F-11D3-BF4B-00C04F79EFBC}") = "TelegramAPI", "TelegramAPI\TelegramAPI.csproj", "{180E7A68-0147-45DE-A771-D46B5FE184C4}"
EndProject
Project("{FAE04EC0-301F-11D3-BF4B-00C04F79EFBC}") = "TelegramTests", "TelegramTests\TelegramTests.csproj", "{4BF777AA-8633-4719-9999-FFA3A9A72190}"
EndProject
Project("{FAE04EC0-301F-11D3-BF4B-00C04F79EFBC}") = "MafiaStoryGame", "MafiaStoryGame\MafiaStoryGame.csproj", "{CD47C493-1229-4A79-B942-B4BDE319E09E}"
EndProject
Global
	GlobalSection(SolutionConfigurationPlatforms) = preSolution
		Debug|Any CPU = Debug|Any CPU
		Release|Any CPU = Release|Any CPU
	EndGlobalSection
	GlobalSection(ProjectConfigurationPlatforms) = postSolution
		{EE73749D-B81D-402B-9108-CBCA5D4E9242}.Debug|Any CPU.ActiveCfg = Debug|Any CPU
		{EE73749D-B81D-402B-9108-CBCA5D4E9242}.Debug|Any CPU.Build.0 = Debug|Any CPU
		{EE73749D-B81D-402B-9108-CBCA5D4E9242}.Release|Any CPU.ActiveCfg = Release|Any CPU
		{EE73749D-B81D-402B-9108-CBCA5D4E9242}.Release|Any CPU.Build.0 = Release|Any CPU
		{180E7A68-0147-45DE-A771-D46B5FE184C4}.Debug|Any CPU.ActiveCfg = Debug|Any CPU
		{180E7A68-0147-45DE-A771-D46B5FE184C4}.Debug|Any CPU.Build.0 = Debug|Any CPU
		{180E7A68-0147-45DE-A771-D46B5FE184C4}.Release|Any CPU.ActiveCfg = Release|Any CPU
		{180E7A68-0147-45DE-A771-D46B5FE184C4}.Release|Any CPU.Build.0 = Release|Any CPU
		{4BF777AA-8633-4719-9999-FFA3A9A72190}.Debug|Any CPU.ActiveCfg = Debug|Any CPU
		{4BF777AA-8633-4719-9999-FFA3A9A72190}.Debug|Any CPU.Build.0 = Debug|Any CPU
		{4BF777AA-8633-4719-9999-FFA3A9A72190}.Release|Any CPU.ActiveCfg = Release|Any CPU
		{4BF777AA-8633-4719-9999-FFA3A9A72190}.Release|Any CPU.Build.0 = Release|Any CPU
		{CD47C493-1229-4A79-B942-B4BDE319E09E}.Debug|Any CPU.ActiveCfg = Debug|Any CPU
		{CD47C493-1229-4A79-B942-B4BDE319E09E}.Debug|Any CPU.Build.0 = Debug|Any CPU
		{CD47C493-1229-4A79-B942-B4BDE319E09E}.Release|Any CPU.ActiveCfg = Release|Any CPU
		{CD47C493-1229-4A79-B942-B4BDE319E09E}.Release|Any CPU.Build.0 = Release|Any CPU
	EndGlobalSection
	GlobalSection(SolutionProperties) = preSolution
		HideSolutionNode = FALSE
	EndGlobalSection
	GlobalSection(ExtensibilityGlobals) = postSolution
		SolutionGuid = {B300C48A-5C50-471E-9BBB-7B079C84B8F8}
	EndGlobalSection
EndGlobal
